// !$*UTF8*$!
{
	archiveVersion = 1;
	classes = {
	};
	objectVersion = 50;
	objects = {

/* Begin PBXBuildFile section */
		8AD8EA8B20E4CB05009201A2 /* AppDelegate.swift in Sources */ = {isa = PBXBuildFile; fileRef = 8AD8EA8A20E4CB05009201A2 /* AppDelegate.swift */; };
		8AD8EA9020E4CB05009201A2 /* Main.storyboard in Resources */ = {isa = PBXBuildFile; fileRef = 8AD8EA8E20E4CB05009201A2 /* Main.storyboard */; };
		8AD8EA9320E4CB05009201A2 /* DriverApp.xcdatamodeld in Sources */ = {isa = PBXBuildFile; fileRef = 8AD8EA9120E4CB05009201A2 /* DriverApp.xcdatamodeld */; };
		8AD8EA9520E4CB10009201A2 /* Assets.xcassets in Resources */ = {isa = PBXBuildFile; fileRef = 8AD8EA9420E4CB10009201A2 /* Assets.xcassets */; };
		8AD8EA9820E4CB10009201A2 /* LaunchScreen.storyboard in Resources */ = {isa = PBXBuildFile; fileRef = 8AD8EA9620E4CB10009201A2 /* LaunchScreen.storyboard */; };
		8AD8EAA020E4DAF4009201A2 /* SignInVC.swift in Sources */ = {isa = PBXBuildFile; fileRef = 8AD8EA9F20E4DAF4009201A2 /* SignInVC.swift */; };
		8AD8EAA220E4DAFC009201A2 /* SignUpVC.swift in Sources */ = {isa = PBXBuildFile; fileRef = 8AD8EAA120E4DAFC009201A2 /* SignUpVC.swift */; };
		8AD8EAA520E4DB23009201A2 /* MapVC.swift in Sources */ = {isa = PBXBuildFile; fileRef = 8AD8EAA420E4DB23009201A2 /* MapVC.swift */; };
		8AD8EAA720E4DEE2009201A2 /* TopMenuVC.swift in Sources */ = {isa = PBXBuildFile; fileRef = 8AD8EAA620E4DEE2009201A2 /* TopMenuVC.swift */; };
		8AD8EAAA20E4DEFF009201A2 /* TopMenuCell.swift in Sources */ = {isa = PBXBuildFile; fileRef = 8AD8EAA920E4DEFF009201A2 /* TopMenuCell.swift */; };
		8AD8EAAD20E4EDEE009201A2 /* MapKit.framework in Frameworks */ = {isa = PBXBuildFile; fileRef = 8AD8EAAC20E4EDED009201A2 /* MapKit.framework */; };
		8AD8EAB120E5075F009201A2 /* GoogleService-Info.plist in Resources */ = {isa = PBXBuildFile; fileRef = 8AD8EAB020E5075F009201A2 /* GoogleService-Info.plist */; };
		AB88281B3A4003FF3709B56F /* Pods_RiderApp.framework in Frameworks */ = {isa = PBXBuildFile; fileRef = 91282490F03ABCDB204C2DDB /* Pods_RiderApp.framework */; };
/* End PBXBuildFile section */

/* Begin PBXFileReference section */
		4D17E3E628B5B79C314EA50C /* Pods-RiderApp.release.xcconfig */ = {isa = PBXFileReference; includeInIndex = 1; lastKnownFileType = text.xcconfig; name = "Pods-RiderApp.release.xcconfig"; path = "Pods/Target Support Files/Pods-RiderApp/Pods-RiderApp.release.xcconfig"; sourceTree = "<group>"; };
		53B441A36815902385A71CD0 /* Pods-RiderApp.debug.xcconfig */ = {isa = PBXFileReference; includeInIndex = 1; lastKnownFileType = text.xcconfig; name = "Pods-RiderApp.debug.xcconfig"; path = "Pods/Target Support Files/Pods-RiderApp/Pods-RiderApp.debug.xcconfig"; sourceTree = "<group>"; };
		8AD8EA8720E4CB05009201A2 /* DriverApp.app */ = {isa = PBXFileReference; explicitFileType = wrapper.application; includeInIndex = 0; path = DriverApp.app; sourceTree = BUILT_PRODUCTS_DIR; };
		8AD8EA8A20E4CB05009201A2 /* AppDelegate.swift */ = {isa = PBXFileReference; lastKnownFileType = sourcecode.swift; path = AppDelegate.swift; sourceTree = "<group>"; };
		8AD8EA8F20E4CB05009201A2 /* Base */ = {isa = PBXFileReference; lastKnownFileType = file.storyboard; name = Base; path = Base.lproj/Main.storyboard; sourceTree = "<group>"; };
		8AD8EA9220E4CB05009201A2 /* RiderApp.xcdatamodel */ = {isa = PBXFileReference; lastKnownFileType = wrapper.xcdatamodel; path = RiderApp.xcdatamodel; sourceTree = "<group>"; };
		8AD8EA9420E4CB10009201A2 /* Assets.xcassets */ = {isa = PBXFileReference; lastKnownFileType = folder.assetcatalog; path = Assets.xcassets; sourceTree = "<group>"; };
		8AD8EA9720E4CB10009201A2 /* Base */ = {isa = PBXFileReference; lastKnownFileType = file.storyboard; name = Base; path = Base.lproj/LaunchScreen.storyboard; sourceTree = "<group>"; };
		8AD8EA9920E4CB10009201A2 /* Info.plist */ = {isa = PBXFileReference; lastKnownFileType = text.plist.xml; path = Info.plist; sourceTree = "<group>"; };
		8AD8EA9F20E4DAF4009201A2 /* SignInVC.swift */ = {isa = PBXFileReference; lastKnownFileType = sourcecode.swift; path = SignInVC.swift; sourceTree = "<group>"; };
		8AD8EAA120E4DAFC009201A2 /* SignUpVC.swift */ = {isa = PBXFileReference; lastKnownFileType = sourcecode.swift; path = SignUpVC.swift; sourceTree = "<group>"; };
		8AD8EAA420E4DB23009201A2 /* MapVC.swift */ = {isa = PBXFileReference; lastKnownFileType = sourcecode.swift; path = MapVC.swift; sourceTree = "<group>"; };
		8AD8EAA620E4DEE2009201A2 /* TopMenuVC.swift */ = {isa = PBXFileReference; lastKnownFileType = sourcecode.swift; path = TopMenuVC.swift; sourceTree = "<group>"; };
		8AD8EAA920E4DEFF009201A2 /* TopMenuCell.swift */ = {isa = PBXFileReference; lastKnownFileType = sourcecode.swift; path = TopMenuCell.swift; sourceTree = "<group>"; };
		8AD8EAAC20E4EDED009201A2 /* MapKit.framework */ = {isa = PBXFileReference; lastKnownFileType = wrapper.framework; name = MapKit.framework; path = System/Library/Frameworks/MapKit.framework; sourceTree = SDKROOT; };
		8AD8EAB020E5075F009201A2 /* GoogleService-Info.plist */ = {isa = PBXFileReference; fileEncoding = 4; lastKnownFileType = text.plist.xml; path = "GoogleService-Info.plist"; sourceTree = "<group>"; };
		91282490F03ABCDB204C2DDB /* Pods_RiderApp.framework */ = {isa = PBXFileReference; explicitFileType = wrapper.framework; includeInIndex = 0; path = Pods_RiderApp.framework; sourceTree = BUILT_PRODUCTS_DIR; };
/* End PBXFileReference section */

/* Begin PBXFrameworksBuildPhase section */
		8AD8EA8420E4CB05009201A2 /* Frameworks */ = {
			isa = PBXFrameworksBuildPhase;
			buildActionMask = 2147483647;
			files = (
				8AD8EAAD20E4EDEE009201A2 /* MapKit.framework in Frameworks */,
				AB88281B3A4003FF3709B56F /* Pods_RiderApp.framework in Frameworks */,
			);
			runOnlyForDeploymentPostprocessing = 0;
		};
/* End PBXFrameworksBuildPhase section */

/* Begin PBXGroup section */
		8AD8EA7E20E4CB05009201A2 = {
			isa = PBXGroup;
			children = (
				8AD8EA8920E4CB05009201A2 /* DriverApp */,
				8AD8EA8820E4CB05009201A2 /* Products */,
				8AD8EAAB20E4EDED009201A2 /* Frameworks */,
				9F2B8C87E9378FB8000E299E /* Pods */,
			);
			sourceTree = "<group>";
		};
		8AD8EA8820E4CB05009201A2 /* Products */ = {
			isa = PBXGroup;
			children = (
				8AD8EA8720E4CB05009201A2 /* DriverApp.app */,
			);
			name = Products;
			sourceTree = "<group>";
		};
		8AD8EA8920E4CB05009201A2 /* DriverApp */ = {
			isa = PBXGroup;
			children = (
				8AD8EAA820E4DEEA009201A2 /* View */,
				8AD8EAA320E4DB06009201A2 /* Controller */,
				8AD8EA8A20E4CB05009201A2 /* AppDelegate.swift */,
				8AD8EA8E20E4CB05009201A2 /* Main.storyboard */,
				8AD8EA9420E4CB10009201A2 /* Assets.xcassets */,
				8AD8EA9620E4CB10009201A2 /* LaunchScreen.storyboard */,
				8AD8EA9920E4CB10009201A2 /* Info.plist */,
				8AD8EA9120E4CB05009201A2 /* DriverApp.xcdatamodeld */,
				8AD8EAB020E5075F009201A2 /* GoogleService-Info.plist */,
			);
			path = DriverApp;
			sourceTree = "<group>";
		};
		8AD8EAA320E4DB06009201A2 /* Controller */ = {
			isa = PBXGroup;
			children = (
				8AD8EA9F20E4DAF4009201A2 /* SignInVC.swift */,
				8AD8EAA120E4DAFC009201A2 /* SignUpVC.swift */,
				8AD8EAA420E4DB23009201A2 /* MapVC.swift */,
				8AD8EAA620E4DEE2009201A2 /* TopMenuVC.swift */,
			);
			path = Controller;
			sourceTree = "<group>";
		};
		8AD8EAA820E4DEEA009201A2 /* View */ = {
			isa = PBXGroup;
			children = (
				8AD8EAA920E4DEFF009201A2 /* TopMenuCell.swift */,
			);
			path = View;
			sourceTree = "<group>";
		};
		8AD8EAAB20E4EDED009201A2 /* Frameworks */ = {
			isa = PBXGroup;
			children = (
				8AD8EAAC20E4EDED009201A2 /* MapKit.framework */,
				91282490F03ABCDB204C2DDB /* Pods_RiderApp.framework */,
			);
			name = Frameworks;
			sourceTree = "<group>";
		};
		9F2B8C87E9378FB8000E299E /* Pods */ = {
			isa = PBXGroup;
			children = (
				53B441A36815902385A71CD0 /* Pods-RiderApp.debug.xcconfig */,
				4D17E3E628B5B79C314EA50C /* Pods-RiderApp.release.xcconfig */,
			);
			name = Pods;
			sourceTree = "<group>";
		};
/* End PBXGroup section */

/* Begin PBXNativeTarget section */
		8AD8EA8620E4CB05009201A2 /* DriverApp */ = {
			isa = PBXNativeTarget;
			buildConfigurationList = 8AD8EA9C20E4CB10009201A2 /* Build configuration list for PBXNativeTarget "DriverApp" */;
			buildPhases = (
				93F62633729EBA548F51486E /* [CP] Check Pods Manifest.lock */,
				8AD8EA8320E4CB05009201A2 /* Sources */,
				8AD8EA8420E4CB05009201A2 /* Frameworks */,
				8AD8EA8520E4CB05009201A2 /* Resources */,
				52342DF91DB93B1C6884388E /* [CP] Embed Pods Frameworks */,
			);
			buildRules = (
			);
			dependencies = (
			);
			name = DriverApp;
			productName = RiderApp;
			productReference = 8AD8EA8720E4CB05009201A2 /* DriverApp.app */;
			productType = "com.apple.product-type.application";
		};
/* End PBXNativeTarget section */

/* Begin PBXProject section */
		8AD8EA7F20E4CB05009201A2 /* Project object */ = {
			isa = PBXProject;
			attributes = {
				LastSwiftUpdateCheck = 0940;
				LastUpgradeCheck = 0940;
				ORGANIZATIONNAME = "Rahul Chopra";
				TargetAttributes = {
					8AD8EA8620E4CB05009201A2 = {
						CreatedOnToolsVersion = 9.4;
					};
				};
			};
			buildConfigurationList = 8AD8EA8220E4CB05009201A2 /* Build configuration list for PBXProject "DriverApp" */;
			compatibilityVersion = "Xcode 9.3";
			developmentRegion = en;
			hasScannedForEncodings = 0;
			knownRegions = (
				en,
				Base,
			);
			mainGroup = 8AD8EA7E20E4CB05009201A2;
			productRefGroup = 8AD8EA8820E4CB05009201A2 /* Products */;
			projectDirPath = "";
			projectRoot = "";
			targets = (
				8AD8EA8620E4CB05009201A2 /* DriverApp */,
			);
		};
/* End PBXProject section */

/* Begin PBXResourcesBuildPhase section */
		8AD8EA8520E4CB05009201A2 /* Resources */ = {
			isa = PBXResourcesBuildPhase;
			buildActionMask = 2147483647;
			files = (
				8AD8EA9820E4CB10009201A2 /* LaunchScreen.storyboard in Resources */,
				8AD8EA9520E4CB10009201A2 /* Assets.xcassets in Resources */,
				8AD8EA9020E4CB05009201A2 /* Main.storyboard in Resources */,
				8AD8EAB120E5075F009201A2 /* GoogleService-Info.plist in Resources */,
			);
			runOnlyForDeploymentPostprocessing = 0;
		};
/* End PBXResourcesBuildPhase section */

/* Begin PBXShellScriptBuildPhase section */
		52342DF91DB93B1C6884388E /* [CP] Embed Pods Frameworks */ = {
			isa = PBXShellScriptBuildPhase;
			buildActionMask = 2147483647;
			files = (
			);
			inputPaths = (
				"${SRCROOT}/Pods/Target Support Files/Pods-RiderApp/Pods-RiderApp-frameworks.sh",
				"${BUILT_PRODUCTS_DIR}/GTMSessionFetcher/GTMSessionFetcher.framework",
				"${BUILT_PRODUCTS_DIR}/GoogleToolboxForMac/GoogleToolboxForMac.framework",
				"${BUILT_PRODUCTS_DIR}/leveldb-library/leveldb.framework",
				"${BUILT_PRODUCTS_DIR}/nanopb/nanopb.framework",
			);
			name = "[CP] Embed Pods Frameworks";
			outputPaths = (
				"${TARGET_BUILD_DIR}/${FRAMEWORKS_FOLDER_PATH}/GTMSessionFetcher.framework",
				"${TARGET_BUILD_DIR}/${FRAMEWORKS_FOLDER_PATH}/GoogleToolboxForMac.framework",
				"${TARGET_BUILD_DIR}/${FRAMEWORKS_FOLDER_PATH}/leveldb.framework",
				"${TARGET_BUILD_DIR}/${FRAMEWORKS_FOLDER_PATH}/nanopb.framework",
			);
			runOnlyForDeploymentPostprocessing = 0;
			shellPath = /bin/sh;
			shellScript = "\"${SRCROOT}/Pods/Target Support Files/Pods-RiderApp/Pods-RiderApp-frameworks.sh\"\n";
			showEnvVarsInLog = 0;
		};
		93F62633729EBA548F51486E /* [CP] Check Pods Manifest.lock */ = {
			isa = PBXShellScriptBuildPhase;
			buildActionMask = 2147483647;
			files = (
			);
			inputPaths = (
				"${PODS_PODFILE_DIR_PATH}/Podfile.lock",
				"${PODS_ROOT}/Manifest.lock",
			);
			name = "[CP] Check Pods Manifest.lock";
			outputPaths = (
				"$(DERIVED_FILE_DIR)/Pods-RiderApp-checkManifestLockResult.txt",
			);
			runOnlyForDeploymentPostprocessing = 0;
			shellPath = /bin/sh;
			shellScript = "diff \"${PODS_PODFILE_DIR_PATH}/Podfile.lock\" \"${PODS_ROOT}/Manifest.lock\" > /dev/null\nif [ $? != 0 ] ; then\n    # print error to STDERR\n    echo \"error: The sandbox is not in sync with the Podfile.lock. Run 'pod install' or update your CocoaPods installation.\" >&2\n    exit 1\nfi\n# This output is used by Xcode 'outputs' to avoid re-running this script phase.\necho \"SUCCESS\" > \"${SCRIPT_OUTPUT_FILE_0}\"\n";
			showEnvVarsInLog = 0;
		};
/* End PBXShellScriptBuildPhase section */

/* Begin PBXSourcesBuildPhase section */
		8AD8EA8320E4CB05009201A2 /* Sources */ = {
			isa = PBXSourcesBuildPhase;
			buildActionMask = 2147483647;
			files = (
				8AD8EAA520E4DB23009201A2 /* MapVC.swift in Sources */,
				8AD8EAA220E4DAFC009201A2 /* SignUpVC.swift in Sources */,
				8AD8EA8B20E4CB05009201A2 /* AppDelegate.swift in Sources */,
				8AD8EAA720E4DEE2009201A2 /* TopMenuVC.swift in Sources */,
				8AD8EA9320E4CB05009201A2 /* DriverApp.xcdatamodeld in Sources */,
				8AD8EAAA20E4DEFF009201A2 /* TopMenuCell.swift in Sources */,
				8AD8EAA020E4DAF4009201A2 /* SignInVC.swift in Sources */,
			);
			runOnlyForDeploymentPostprocessing = 0;
		};
/* End PBXSourcesBuildPhase section */

/* Begin PBXVariantGroup section */
		8AD8EA8E20E4CB05009201A2 /* Main.storyboard */ = {
			isa = PBXVariantGroup;
			children = (
				8AD8EA8F20E4CB05009201A2 /* Base */,
			);
			name = Main.storyboard;
			sourceTree = "<group>";
		};
		8AD8EA9620E4CB10009201A2 /* LaunchScreen.storyboard */ = {
			isa = PBXVariantGroup;
			children = (
				8AD8EA9720E4CB10009201A2 /* Base */,
			);
			name = LaunchScreen.storyboard;
			sourceTree = "<group>";
		};
/* End PBXVariantGroup section */

/* Begin XCBuildConfiguration section */
		8AD8EA9A20E4CB10009201A2 /* Debug */ = {
			isa = XCBuildConfiguration;
			buildSettings = {
				ALWAYS_SEARCH_USER_PATHS = NO;
				CLANG_ANALYZER_NONNULL = YES;
				CLANG_ANALYZER_NUMBER_OBJECT_CONVERSION = YES_AGGRESSIVE;
				CLANG_CXX_LANGUAGE_STANDARD = "gnu++14";
				CLANG_CXX_LIBRARY = "libc++";
				CLANG_ENABLE_MODULES = YES;
				CLANG_ENABLE_OBJC_ARC = YES;
				CLANG_ENABLE_OBJC_WEAK = YES;
				CLANG_WARN_BLOCK_CAPTURE_AUTORELEASING = YES;
				CLANG_WARN_BOOL_CONVERSION = YES;
				CLANG_WARN_COMMA = YES;
				CLANG_WARN_CONSTANT_CONVERSION = YES;
				CLANG_WARN_DEPRECATED_OBJC_IMPLEMENTATIONS = YES;
				CLANG_WARN_DIRECT_OBJC_ISA_USAGE = YES_ERROR;
				CLANG_WARN_DOCUMENTATION_COMMENTS = YES;
				CLANG_WARN_EMPTY_BODY = YES;
				CLANG_WARN_ENUM_CONVERSION = YES;
				CLANG_WARN_INFINITE_RECURSION = YES;
				CLANG_WARN_INT_CONVERSION = YES;
				CLANG_WARN_NON_LITERAL_NULL_CONVERSION = YES;
				CLANG_WARN_OBJC_IMPLICIT_RETAIN_SELF = YES;
				CLANG_WARN_OBJC_LITERAL_CONVERSION = YES;
				CLANG_WARN_OBJC_ROOT_CLASS = YES_ERROR;
				CLANG_WARN_RANGE_LOOP_ANALYSIS = YES;
				CLANG_WARN_STRICT_PROTOTYPES = YES;
				CLANG_WARN_SUSPICIOUS_MOVE = YES;
				CLANG_WARN_UNGUARDED_AVAILABILITY = YES_AGGRESSIVE;
				CLANG_WARN_UNREACHABLE_CODE = YES;
				CLANG_WARN__DUPLICATE_METHOD_MATCH = YES;
				CODE_SIGN_IDENTITY = "iPhone Developer";
				COPY_PHASE_STRIP = NO;
				DEBUG_INFORMATION_FORMAT = dwarf;
				ENABLE_STRICT_OBJC_MSGSEND = YES;
				ENABLE_TESTABILITY = YES;
				GCC_C_LANGUAGE_STANDARD = gnu11;
				GCC_DYNAMIC_NO_PIC = NO;
				GCC_NO_COMMON_BLOCKS = YES;
				GCC_OPTIMIZATION_LEVEL = 0;
				GCC_PREPROCESSOR_DEFINITIONS = (
					"DEBUG=1",
					"$(inherited)",
				);
				GCC_WARN_64_TO_32_BIT_CONVERSION = YES;
				GCC_WARN_ABOUT_RETURN_TYPE = YES_ERROR;
				GCC_WARN_UNDECLARED_SELECTOR = YES;
				GCC_WARN_UNINITIALIZED_AUTOS = YES_AGGRESSIVE;
				GCC_WARN_UNUSED_FUNCTION = YES;
				GCC_WARN_UNUSED_VARIABLE = YES;
				IPHONEOS_DEPLOYMENT_TARGET = 11.4;
				MTL_ENABLE_DEBUG_INFO = YES;
				ONLY_ACTIVE_ARCH = YES;
				SDKROOT = iphoneos;
				SWIFT_ACTIVE_COMPILATION_CONDITIONS = DEBUG;
				SWIFT_OPTIMIZATION_LEVEL = "-Onone";
			};
			name = Debug;
		};
		8AD8EA9B20E4CB10009201A2 /* Release */ = {
			isa = XCBuildConfiguration;
			buildSettings = {
				ALWAYS_SEARCH_USER_PATHS = NO;
				CLANG_ANALYZER_NONNULL = YES;
				CLANG_ANALYZER_NUMBER_OBJECT_CONVERSION = YES_AGGRESSIVE;
				CLANG_CXX_LANGUAGE_STANDARD = "gnu++14";
				CLANG_CXX_LIBRARY = "libc++";
				CLANG_ENABLE_MODULES = YES;
				CLANG_ENABLE_OBJC_ARC = YES;
				CLANG_ENABLE_OBJC_WEAK = YES;
				CLANG_WARN_BLOCK_CAPTURE_AUTORELEASING = YES;
				CLANG_WARN_BOOL_CONVERSION = YES;
				CLANG_WARN_COMMA = YES;
				CLANG_WARN_CONSTANT_CONVERSION = YES;
				CLANG_WARN_DEPRECATED_OBJC_IMPLEMENTATIONS = YES;
				CLANG_WARN_DIRECT_OBJC_ISA_USAGE = YES_ERROR;
				CLANG_WARN_DOCUMENTATION_COMMENTS = YES;
				CLANG_WARN_EMPTY_BODY = YES;
				CLANG_WARN_ENUM_CONVERSION = YES;
				CLANG_WARN_INFINITE_RECURSION = YES;
				CLANG_WARN_INT_CONVERSION = YES;
				CLANG_WARN_NON_LITERAL_NULL_CONVERSION = YES;
				CLANG_WARN_OBJC_IMPLICIT_RETAIN_SELF = YES;
				CLANG_WARN_OBJC_LITERAL_CONVERSION = YES;
				CLANG_WARN_OBJC_ROOT_CLASS = YES_ERROR;
				CLANG_WARN_RANGE_LOOP_ANALYSIS = YES;
				CLANG_WARN_STRICT_PROTOTYPES = YES;
				CLANG_WARN_SUSPICIOUS_MOVE = YES;
				CLANG_WARN_UNGUARDED_AVAILABILITY = YES_AGGRESSIVE;
				CLANG_WARN_UNREACHABLE_CODE = YES;
				CLANG_WARN__DUPLICATE_METHOD_MATCH = YES;
				CODE_SIGN_IDENTITY = "iPhone Developer";
				COPY_PHASE_STRIP = NO;
				DEBUG_INFORMATION_FORMAT = "dwarf-with-dsym";
				ENABLE_NS_ASSERTIONS = NO;
				ENABLE_STRICT_OBJC_MSGSEND = YES;
				GCC_C_LANGUAGE_STANDARD = gnu11;
				GCC_NO_COMMON_BLOCKS = YES;
				GCC_WARN_64_TO_32_BIT_CONVERSION = YES;
				GCC_WARN_ABOUT_RETURN_TYPE = YES_ERROR;
				GCC_WARN_UNDECLARED_SELECTOR = YES;
				GCC_WARN_UNINITIALIZED_AUTOS = YES_AGGRESSIVE;
				GCC_WARN_UNUSED_FUNCTION = YES;
				GCC_WARN_UNUSED_VARIABLE = YES;
				IPHONEOS_DEPLOYMENT_TARGET = 11.4;
				MTL_ENABLE_DEBUG_INFO = NO;
				SDKROOT = iphoneos;
				SWIFT_COMPILATION_MODE = wholemodule;
				SWIFT_OPTIMIZATION_LEVEL = "-O";
				VALIDATE_PRODUCT = YES;
			};
			name = Release;
		};
		8AD8EA9D20E4CB10009201A2 /* Debug */ = {
			isa = XCBuildConfiguration;
			baseConfigurationReference = 53B441A36815902385A71CD0 /* Pods-RiderApp.debug.xcconfig */;
			buildSettings = {
				ASSETCATALOG_COMPILER_APPICON_NAME = AppIcon;
				CODE_SIGN_STYLE = Automatic;
				DEVELOPMENT_TEAM = "";
				INFOPLIST_FILE = "$(SRCROOT)/DriverApp/Info.plist";
				LD_RUNPATH_SEARCH_PATHS = (
					"$(inherited)",
					"@executable_path/Frameworks",
				);
				PRODUCT_BUNDLE_IDENTIFIER = com.rahul.DriverApp;
				PRODUCT_NAME = "$(TARGET_NAME)";
				SWIFT_VERSION = 4.0;
				TARGETED_DEVICE_FAMILY = 1;
			};
			name = Debug;
		};
		8AD8EA9E20E4CB10009201A2 /* Release */ = {
			isa = XCBuildConfiguration;
			baseConfigurationReference = 4D17E3E628B5B79C314EA50C /* Pods-RiderApp.release.xcconfig */;
			buildSettings = {
				ASSETCATALOG_COMPILER_APPICON_NAME = AppIcon;
				CODE_SIGN_STYLE = Automatic;
				DEVELOPMENT_TEAM = "";
				INFOPLIST_FILE = "$(SRCROOT)/DriverApp/Info.plist";
				LD_RUNPATH_SEARCH_PATHS = (
					"$(inherited)",
					"@executable_path/Frameworks",
				);
				PRODUCT_BUNDLE_IDENTIFIER = com.rahul.DriverApp;
				PRODUCT_NAME = "$(TARGET_NAME)";
				SWIFT_VERSION = 4.0;
				TARGETED_DEVICE_FAMILY = 1;
			};
			name = Release;
		};
/* End XCBuildConfiguration section */

/* Begin XCConfigurationList section */
		8AD8EA8220E4CB05009201A2 /* Build configuration list for PBXProject "DriverApp" */ = {
			isa = XCConfigurationList;
			buildConfigurations = (
				8AD8EA9A20E4CB10009201A2 /* Debug */,
				8AD8EA9B20E4CB10009201A2 /* Release */,
			);
			defaultConfigurationIsVisible = 0;
			defaultConfigurationName = Release;
		};
		8AD8EA9C20E4CB10009201A2 /* Build configuration list for PBXNativeTarget "DriverApp" */ = {
			isa = XCConfigurationList;
			buildConfigurations = (
				8AD8EA9D20E4CB10009201A2 /* Debug */,
				8AD8EA9E20E4CB10009201A2 /* Release */,
			);
			defaultConfigurationIsVisible = 0;
			defaultConfigurationName = Release;
		};
/* End XCConfigurationList section */

/* Begin XCVersionGroup section */
		8AD8EA9120E4CB05009201A2 /* DriverApp.xcdatamodeld */ = {
			isa = XCVersionGroup;
			children = (
				8AD8EA9220E4CB05009201A2 /* RiderApp.xcdatamodel */,
			);
			currentVersion = 8AD8EA9220E4CB05009201A2 /* RiderApp.xcdatamodel */;
			path = DriverApp.xcdatamodeld;
			sourceTree = "<group>";
			versionGroupType = wrapper.xcdatamodel;
		};
/* End XCVersionGroup section */
	};
	rootObject = 8AD8EA7F20E4CB05009201A2 /* Project object */;
}
